
Microsoft Visual Studio Solution File, Format Version 12.00
# Visual Studio Version 16
VisualStudioVersion = 16.0.30011.22
MinimumVisualStudioVersion = 10.0.40219.1
Project("{FAE04EC0-301F-11D3-BF4B-00C04F79EFBC}") = "LayoutBackground", "LayoutBackground.csproj", "{9B1FA65D-CA35-4F56-9A67-844230D93ADE}"
EndProject
Global
	GlobalSection(SolutionConfigurationPlatforms) = preSolution
		Debug|Any CPU = Debug|Any CPU
		Release|Any CPU = Release|Any CPU
	EndGlobalSection
	GlobalSection(ProjectConfigurationPlatforms) = postSolution
		{9B1FA65D-CA35-4F56-9A67-844230D93ADE}.Debug|Any CPU.ActiveCfg = Debug|Any CPU
		{9B1FA65D-CA35-4F56-9A67-844230D93ADE}.Debug|Any CPU.Build.0 = Debug|Any CPU
		{9B1FA65D-CA35-4F56-9A67-844230D93ADE}.Release|Any CPU.ActiveCfg = Release|Any CPU
		{9B1FA65D-CA35-4F56-9A67-844230D93ADE}.Release|Any CPU.Build.0 = Release|Any CPU
	EndGlobalSection
	GlobalSection(SolutionProperties) = preSolution
		HideSolutionNode = FALSE
	EndGlobalSection
	GlobalSection(ExtensibilityGlobals) = postSolution
		SolutionGuid = {1933CFB0-94DB-491D-A159-78A919500BC5}
	EndGlobalSection
EndGlobal
